// !$*UTF8*$!
{
	archiveVersion = 1;
	classes = {
	};
	objectVersion = 46;
	objects = {

/* Begin PBXBuildFile section */
		532570E41D673FDE00561AC0 /* frnd2tmp.cpp in Sources */ = {isa = PBXBuildFile; fileRef = 532570E31D673FDE00561AC0 /* frnd2tmp.cpp */; };
/* End PBXBuildFile section */

/* Begin PBXCopyFilesBuildPhase section */
		530DD9511D5DF9DF0090D9E1 /* CopyFiles */ = {
			isa = PBXCopyFilesBuildPhase;
			buildActionMask = 2147483647;
			dstPath = /usr/share/man/man1/;
			dstSubfolderSpec = 0;
			files = (
			);
			runOnlyForDeploymentPostprocessing = 1;
		};
/* End PBXCopyFilesBuildPhase section */

/* Begin PBXFileReference section */
		530DD9531D5DF9E00090D9E1 /* C++中代码重用 */ = {isa = PBXFileReference; explicitFileType = "compiled.mach-o.executable"; includeInIndex = 0; path = "C++中代码重用"; sourceTree = BUILT_PRODUCTS_DIR; };
		532570E31D673FDE00561AC0 /* frnd2tmp.cpp */ = {isa = PBXFileReference; fileEncoding = 4; lastKnownFileType = sourcecode.cpp.cpp; path = frnd2tmp.cpp; sourceTree = "<group>"; };
/* End PBXFileReference section */

/* Begin PBXFrameworksBuildPhase section */
		530DD9501D5DF9DF0090D9E1 /* Frameworks */ = {
			isa = PBXFrameworksBuildPhase;
			buildActionMask = 2147483647;
			files = (
			);
			runOnlyForDeploymentPostprocessing = 0;
		};
/* End PBXFrameworksBuildPhase section */

/* Begin PBXGroup section */
		530DD94A1D5DF9DF0090D9E1 = {
			isa = PBXGroup;
			children = (
				530DD9551D5DF9E00090D9E1 /* C++中代码重用 */,
				530DD9541D5DF9E00090D9E1 /* Products */,
			);
			sourceTree = "<group>";
		};
		530DD9541D5DF9E00090D9E1 /* Products */ = {
			isa = PBXGroup;
			children = (
				530DD9531D5DF9E00090D9E1 /* C++中代码重用 */,
			);
			name = Products;
			sourceTree = "<group>";
		};
		530DD9551D5DF9E00090D9E1 /* C++中代码重用 */ = {
			isa = PBXGroup;
			children = (
				532570E21D673FA400561AC0 /* 模板类和友元函数 */,
			);
			path = "C++中代码重用";
			sourceTree = "<group>";
		};
		532570E21D673FA400561AC0 /* 模板类和友元函数 */ = {
			isa = PBXGroup;
			children = (
				532570E31D673FDE00561AC0 /* frnd2tmp.cpp */,
			);
			name = "模板类和友元函数";
			sourceTree = "<group>";
		};
/* End PBXGroup section */

/* Begin PBXNativeTarget section */
		530DD9521D5DF9DF0090D9E1 /* C++中代码重用 */ = {
			isa = PBXNativeTarget;
			buildConfigurationList = 530DD95A1D5DF9E00090D9E1 /* Build configuration list for PBXNativeTarget "C++中代码重用" */;
			buildPhases = (
				530DD94F1D5DF9DF0090D9E1 /* Sources */,
				530DD9501D5DF9DF0090D9E1 /* Frameworks */,
				530DD9511D5DF9DF0090D9E1 /* CopyFiles */,
			);
			buildRules = (
			);
			dependencies = (
			);
			name = "C++中代码重用";
			productName = "C++中代码重用";
			productReference = 530DD9531D5DF9E00090D9E1 /* C++中代码重用 */;
			productType = "com.apple.product-type.tool";
		};
/* End PBXNativeTarget section */

/* Begin PBXProject section */
		530DD94B1D5DF9DF0090D9E1 /* Project object */ = {
			isa = PBXProject;
			attributes = {
				LastUpgradeCheck = 0730;
				ORGANIZATIONNAME = XiongGuang;
				TargetAttributes = {
					530DD9521D5DF9DF0090D9E1 = {
						CreatedOnToolsVersion = 7.3.1;
					};
				};
			};
			buildConfigurationList = 530DD94E1D5DF9DF0090D9E1 /* Build configuration list for PBXProject "C++中代码重用" */;
			compatibilityVersion = "Xcode 3.2";
			developmentRegion = English;
			hasScannedForEncodings = 0;
			knownRegions = (
				en,
			);
			mainGroup = 530DD94A1D5DF9DF0090D9E1;
			productRefGroup = 530DD9541D5DF9E00090D9E1 /* Products */;
			projectDirPath = "";
			projectRoot = "";
			targets = (
				530DD9521D5DF9DF0090D9E1 /* C++中代码重用 */,
			);
		};
/* End PBXProject section */

/* Begin PBXSourcesBuildPhase section */
		530DD94F1D5DF9DF0090D9E1 /* Sources */ = {
			isa = PBXSourcesBuildPhase;
			buildActionMask = 2147483647;
			files = (
				532570E41D673FDE00561AC0 /* frnd2tmp.cpp in Sources */,
			);
			runOnlyForDeploymentPostprocessing = 0;
		};
/* End PBXSourcesBuildPhase section */

/* Begin XCBuildConfiguration section */
		530DD9581D5DF9E00090D9E1 /* Debug */ = {
			isa = XCBuildConfiguration;
			buildSettings = {
				ALWAYS_SEARCH_USER_PATHS = NO;
				CLANG_ANALYZER_NONNULL = YES;
				CLANG_CXX_LANGUAGE_STANDARD = "gnu++0x";
				CLANG_CXX_LIBRARY = "libc++";
				CLANG_ENABLE_MODULES = YES;
				CLANG_ENABLE_OBJC_ARC = YES;
				CLANG_WARN_BOOL_CONVERSION = YES;
				CLANG_WARN_CONSTANT_CONVERSION = YES;
				CLANG_WARN_DIRECT_OBJC_ISA_USAGE = YES_ERROR;
				CLANG_WARN_EMPTY_BODY = YES;
				CLANG_WARN_ENUM_CONVERSION = YES;
				CLANG_WARN_INT_CONVERSION = YES;
				CLANG_WARN_OBJC_ROOT_CLASS = YES_ERROR;
				CLANG_WARN_UNREACHABLE_CODE = YES;
				CLANG_WARN__DUPLICATE_METHOD_MATCH = YES;
				CODE_SIGN_IDENTITY = "-";
				COPY_PHASE_STRIP = NO;
				DEBUG_INFORMATION_FORMAT = dwarf;
				ENABLE_STRICT_OBJC_MSGSEND = YES;
				ENABLE_TESTABILITY = YES;
				GCC_C_LANGUAGE_STANDARD = gnu99;
				GCC_DYNAMIC_NO_PIC = NO;
				GCC_NO_COMMON_BLOCKS = YES;
				GCC_OPTIMIZATION_LEVEL = 0;
				GCC_PREPROCESSOR_DEFINITIONS = (
					"DEBUG=1",
					"$(inherited)",
				);
				GCC_WARN_64_TO_32_BIT_CONVERSION = YES;
				GCC_WARN_ABOUT_RETURN_TYPE = YES_ERROR;
				GCC_WARN_UNDECLARED_SELECTOR = YES;
				GCC_WARN_UNINITIALIZED_AUTOS = YES_AGGRESSIVE;
				GCC_WARN_UNUSED_FUNCTION = YES;
				GCC_WARN_UNUSED_VARIABLE = YES;
				MACOSX_DEPLOYMENT_TARGET = 10.11;
				MTL_ENABLE_DEBUG_INFO = YES;
				ONLY_ACTIVE_ARCH = YES;
				SDKROOT = macosx;
			};
			name = Debug;
		};
		530DD9591D5DF9E00090D9E1 /* Release */ = {
			isa = XCBuildConfiguration;
			buildSettings = {
				ALWAYS_SEARCH_USER_PATHS = NO;
				CLANG_ANALYZER_NONNULL = YES;
				CLANG_CXX_LANGUAGE_STANDARD = "gnu++0x";
				CLANG_CXX_LIBRARY = "libc++";
				CLANG_ENABLE_MODULES = YES;
				CLANG_ENABLE_OBJC_ARC = YES;
				CLANG_WARN_BOOL_CONVERSION = YES;
				CLANG_WARN_CONSTANT_CONVERSION = YES;
				CLANG_WARN_DIRECT_OBJC_ISA_USAGE = YES_ERROR;
				CLANG_WARN_EMPTY_BODY = YES;
				CLANG_WARN_ENUM_CONVERSION = YES;
				CLANG_WARN_INT_CONVERSION = YES;
				CLANG_WARN_OBJC_ROOT_CLASS = YES_ERROR;
				CLANG_WARN_UNREACHABLE_CODE = YES;
				CLANG_WARN__DUPLICATE_METHOD_MATCH = YES;
				CODE_SIGN_IDENTITY = "-";
				COPY_PHASE_STRIP = NO;
				DEBUG_INFORMATION_FORMAT = "dwarf-with-dsym";
				ENABLE_NS_ASSERTIONS = NO;
				ENABLE_STRICT_OBJC_MSGSEND = YES;
				GCC_C_LANGUAGE_STANDARD = gnu99;
				GCC_NO_COMMON_BLOCKS = YES;
				GCC_WARN_64_TO_32_BIT_CONVERSION = YES;
				GCC_WARN_ABOUT_RETURN_TYPE = YES_ERROR;
				GCC_WARN_UNDECLARED_SELECTOR = YES;
				GCC_WARN_UNINITIALIZED_AUTOS = YES_AGGRESSIVE;
				GCC_WARN_UNUSED_FUNCTION = YES;
				GCC_WARN_UNUSED_VARIABLE = YES;
				MACOSX_DEPLOYMENT_TARGET = 10.11;
				MTL_ENABLE_DEBUG_INFO = NO;
				SDKROOT = macosx;
			};
			name = Release;
		};
		530DD95B1D5DF9E00090D9E1 /* Debug */ = {
			isa = XCBuildConfiguration;
			buildSettings = {
				PRODUCT_NAME = "$(TARGET_NAME)";
			};
			name = Debug;
		};
		530DD95C1D5DF9E00090D9E1 /* Release */ = {
			isa = XCBuildConfiguration;
			buildSettings = {
				PRODUCT_NAME = "$(TARGET_NAME)";
			};
			name = Release;
		};
/* End XCBuildConfiguration section */

/* Begin XCConfigurationList section */
		530DD94E1D5DF9DF0090D9E1 /* Build configuration list for PBXProject "C++中代码重用" */ = {
			isa = XCConfigurationList;
			buildConfigurations = (
				530DD9581D5DF9E00090D9E1 /* Debug */,
				530DD9591D5DF9E00090D9E1 /* Release */,
			);
			defaultConfigurationIsVisible = 0;
			defaultConfigurationName = Release;
		};
		530DD95A1D5DF9E00090D9E1 /* Build configuration list for PBXNativeTarget "C++中代码重用" */ = {
			isa = XCConfigurationList;
			buildConfigurations = (
				530DD95B1D5DF9E00090D9E1 /* Debug */,
				530DD95C1D5DF9E00090D9E1 /* Release */,
			);
			defaultConfigurationIsVisible = 0;
			defaultConfigurationName = Release;
		};
/* End XCConfigurationList section */
	};
	rootObject = 530DD94B1D5DF9DF0090D9E1 /* Project object */;
}
