// !$*UTF8*$!
{
	archiveVersion = 1;
	classes = {
	};
	objectVersion = 46;
	objects = {

/* Begin PBXBuildFile section */
		531B24A01D5B7B1F00C22304 /* format.cpp in Sources */ = {isa = PBXBuildFile; fileRef = 531B249F1D5B7B1F00C22304 /* format.cpp */; };
		53C453271D5A17C800624221 /* usebrass3.cpp in Sources */ = {isa = PBXBuildFile; fileRef = 53C453261D5A17C800624221 /* usebrass3.cpp */; };
		53C4532F1D5A180300624221 /* acctABC.cpp in Sources */ = {isa = PBXBuildFile; fileRef = 53C4532D1D5A180300624221 /* acctABC.cpp */; };
/* End PBXBuildFile section */

/* Begin PBXCopyFilesBuildPhase section */
		53C453211D5A17C800624221 /* CopyFiles */ = {
			isa = PBXCopyFilesBuildPhase;
			buildActionMask = 2147483647;
			dstPath = /usr/share/man/man1/;
			dstSubfolderSpec = 0;
			files = (
			);
			runOnlyForDeploymentPostprocessing = 1;
		};
/* End PBXCopyFilesBuildPhase section */

/* Begin PBXFileReference section */
		531B249F1D5B7B1F00C22304 /* format.cpp */ = {isa = PBXFileReference; fileEncoding = 4; lastKnownFileType = sourcecode.cpp.cpp; path = format.cpp; sourceTree = "<group>"; };
		53C453231D5A17C800624221 /* abstract class */ = {isa = PBXFileReference; explicitFileType = "compiled.mach-o.executable"; includeInIndex = 0; path = "abstract class"; sourceTree = BUILT_PRODUCTS_DIR; };
		53C453261D5A17C800624221 /* usebrass3.cpp */ = {isa = PBXFileReference; lastKnownFileType = sourcecode.cpp.cpp; path = usebrass3.cpp; sourceTree = "<group>"; };
		53C4532D1D5A180300624221 /* acctABC.cpp */ = {isa = PBXFileReference; fileEncoding = 4; lastKnownFileType = sourcecode.cpp.cpp; path = acctABC.cpp; sourceTree = "<group>"; };
		53C4532E1D5A180300624221 /* acctABC.hpp */ = {isa = PBXFileReference; fileEncoding = 4; lastKnownFileType = sourcecode.cpp.h; path = acctABC.hpp; sourceTree = "<group>"; };
/* End PBXFileReference section */

/* Begin PBXFrameworksBuildPhase section */
		53C453201D5A17C800624221 /* Frameworks */ = {
			isa = PBXFrameworksBuildPhase;
			buildActionMask = 2147483647;
			files = (
			);
			runOnlyForDeploymentPostprocessing = 0;
		};
/* End PBXFrameworksBuildPhase section */

/* Begin PBXGroup section */
		53C4531A1D5A17C800624221 = {
			isa = PBXGroup;
			children = (
				53C453251D5A17C800624221 /* abstract class */,
				53C453241D5A17C800624221 /* Products */,
			);
			sourceTree = "<group>";
		};
		53C453241D5A17C800624221 /* Products */ = {
			isa = PBXGroup;
			children = (
				53C453231D5A17C800624221 /* abstract class */,
			);
			name = Products;
			sourceTree = "<group>";
		};
		53C453251D5A17C800624221 /* abstract class */ = {
			isa = PBXGroup;
			children = (
				53C453261D5A17C800624221 /* usebrass3.cpp */,
				53C4532D1D5A180300624221 /* acctABC.cpp */,
				53C4532E1D5A180300624221 /* acctABC.hpp */,
				531B249F1D5B7B1F00C22304 /* format.cpp */,
			);
			path = "abstract class";
			sourceTree = "<group>";
		};
/* End PBXGroup section */

/* Begin PBXNativeTarget section */
		53C453221D5A17C800624221 /* abstract class */ = {
			isa = PBXNativeTarget;
			buildConfigurationList = 53C4532A1D5A17C800624221 /* Build configuration list for PBXNativeTarget "abstract class" */;
			buildPhases = (
				53C4531F1D5A17C800624221 /* Sources */,
				53C453201D5A17C800624221 /* Frameworks */,
				53C453211D5A17C800624221 /* CopyFiles */,
			);
			buildRules = (
			);
			dependencies = (
			);
			name = "abstract class";
			productName = "abstract class";
			productReference = 53C453231D5A17C800624221 /* abstract class */;
			productType = "com.apple.product-type.tool";
		};
/* End PBXNativeTarget section */

/* Begin PBXProject section */
		53C4531B1D5A17C800624221 /* Project object */ = {
			isa = PBXProject;
			attributes = {
				LastUpgradeCheck = 0730;
				ORGANIZATIONNAME = XiongGuang;
				TargetAttributes = {
					53C453221D5A17C800624221 = {
						CreatedOnToolsVersion = 7.3.1;
					};
				};
			};
			buildConfigurationList = 53C4531E1D5A17C800624221 /* Build configuration list for PBXProject "abstract class" */;
			compatibilityVersion = "Xcode 3.2";
			developmentRegion = English;
			hasScannedForEncodings = 0;
			knownRegions = (
				en,
			);
			mainGroup = 53C4531A1D5A17C800624221;
			productRefGroup = 53C453241D5A17C800624221 /* Products */;
			projectDirPath = "";
			projectRoot = "";
			targets = (
				53C453221D5A17C800624221 /* abstract class */,
			);
		};
/* End PBXProject section */

/* Begin PBXSourcesBuildPhase section */
		53C4531F1D5A17C800624221 /* Sources */ = {
			isa = PBXSourcesBuildPhase;
			buildActionMask = 2147483647;
			files = (
				53C453271D5A17C800624221 /* usebrass3.cpp in Sources */,
				531B24A01D5B7B1F00C22304 /* format.cpp in Sources */,
				53C4532F1D5A180300624221 /* acctABC.cpp in Sources */,
			);
			runOnlyForDeploymentPostprocessing = 0;
		};
/* End PBXSourcesBuildPhase section */

/* Begin XCBuildConfiguration section */
		53C453281D5A17C800624221 /* Debug */ = {
			isa = XCBuildConfiguration;
			buildSettings = {
				ALWAYS_SEARCH_USER_PATHS = NO;
				CLANG_ANALYZER_NONNULL = YES;
				CLANG_CXX_LANGUAGE_STANDARD = "gnu++0x";
				CLANG_CXX_LIBRARY = "libc++";
				CLANG_ENABLE_MODULES = YES;
				CLANG_ENABLE_OBJC_ARC = YES;
				CLANG_WARN_BOOL_CONVERSION = YES;
				CLANG_WARN_CONSTANT_CONVERSION = YES;
				CLANG_WARN_DIRECT_OBJC_ISA_USAGE = YES_ERROR;
				CLANG_WARN_EMPTY_BODY = YES;
				CLANG_WARN_ENUM_CONVERSION = YES;
				CLANG_WARN_INT_CONVERSION = YES;
				CLANG_WARN_OBJC_ROOT_CLASS = YES_ERROR;
				CLANG_WARN_UNREACHABLE_CODE = YES;
				CLANG_WARN__DUPLICATE_METHOD_MATCH = YES;
				CODE_SIGN_IDENTITY = "-";
				COPY_PHASE_STRIP = NO;
				DEBUG_INFORMATION_FORMAT = dwarf;
				ENABLE_STRICT_OBJC_MSGSEND = YES;
				ENABLE_TESTABILITY = YES;
				GCC_C_LANGUAGE_STANDARD = gnu99;
				GCC_DYNAMIC_NO_PIC = NO;
				GCC_NO_COMMON_BLOCKS = YES;
				GCC_OPTIMIZATION_LEVEL = 0;
				GCC_PREPROCESSOR_DEFINITIONS = (
					"DEBUG=1",
					"$(inherited)",
				);
				GCC_WARN_64_TO_32_BIT_CONVERSION = YES;
				GCC_WARN_ABOUT_RETURN_TYPE = YES_ERROR;
				GCC_WARN_UNDECLARED_SELECTOR = YES;
				GCC_WARN_UNINITIALIZED_AUTOS = YES_AGGRESSIVE;
				GCC_WARN_UNUSED_FUNCTION = YES;
				GCC_WARN_UNUSED_VARIABLE = YES;
				MACOSX_DEPLOYMENT_TARGET = 10.11;
				MTL_ENABLE_DEBUG_INFO = YES;
				ONLY_ACTIVE_ARCH = YES;
				SDKROOT = macosx;
			};
			name = Debug;
		};
		53C453291D5A17C800624221 /* Release */ = {
			isa = XCBuildConfiguration;
			buildSettings = {
				ALWAYS_SEARCH_USER_PATHS = NO;
				CLANG_ANALYZER_NONNULL = YES;
				CLANG_CXX_LANGUAGE_STANDARD = "gnu++0x";
				CLANG_CXX_LIBRARY = "libc++";
				CLANG_ENABLE_MODULES = YES;
				CLANG_ENABLE_OBJC_ARC = YES;
				CLANG_WARN_BOOL_CONVERSION = YES;
				CLANG_WARN_CONSTANT_CONVERSION = YES;
				CLANG_WARN_DIRECT_OBJC_ISA_USAGE = YES_ERROR;
				CLANG_WARN_EMPTY_BODY = YES;
				CLANG_WARN_ENUM_CONVERSION = YES;
				CLANG_WARN_INT_CONVERSION = YES;
				CLANG_WARN_OBJC_ROOT_CLASS = YES_ERROR;
				CLANG_WARN_UNREACHABLE_CODE = YES;
				CLANG_WARN__DUPLICATE_METHOD_MATCH = YES;
				CODE_SIGN_IDENTITY = "-";
				COPY_PHASE_STRIP = NO;
				DEBUG_INFORMATION_FORMAT = "dwarf-with-dsym";
				ENABLE_NS_ASSERTIONS = NO;
				ENABLE_STRICT_OBJC_MSGSEND = YES;
				GCC_C_LANGUAGE_STANDARD = gnu99;
				GCC_NO_COMMON_BLOCKS = YES;
				GCC_WARN_64_TO_32_BIT_CONVERSION = YES;
				GCC_WARN_ABOUT_RETURN_TYPE = YES_ERROR;
				GCC_WARN_UNDECLARED_SELECTOR = YES;
				GCC_WARN_UNINITIALIZED_AUTOS = YES_AGGRESSIVE;
				GCC_WARN_UNUSED_FUNCTION = YES;
				GCC_WARN_UNUSED_VARIABLE = YES;
				MACOSX_DEPLOYMENT_TARGET = 10.11;
				MTL_ENABLE_DEBUG_INFO = NO;
				SDKROOT = macosx;
			};
			name = Release;
		};
		53C4532B1D5A17C800624221 /* Debug */ = {
			isa = XCBuildConfiguration;
			buildSettings = {
				PRODUCT_NAME = "$(TARGET_NAME)";
			};
			name = Debug;
		};
		53C4532C1D5A17C800624221 /* Release */ = {
			isa = XCBuildConfiguration;
			buildSettings = {
				PRODUCT_NAME = "$(TARGET_NAME)";
			};
			name = Release;
		};
/* End XCBuildConfiguration section */

/* Begin XCConfigurationList section */
		53C4531E1D5A17C800624221 /* Build configuration list for PBXProject "abstract class" */ = {
			isa = XCConfigurationList;
			buildConfigurations = (
				53C453281D5A17C800624221 /* Debug */,
				53C453291D5A17C800624221 /* Release */,
			);
			defaultConfigurationIsVisible = 0;
			defaultConfigurationName = Release;
		};
		53C4532A1D5A17C800624221 /* Build configuration list for PBXNativeTarget "abstract class" */ = {
			isa = XCConfigurationList;
			buildConfigurations = (
				53C4532B1D5A17C800624221 /* Debug */,
				53C4532C1D5A17C800624221 /* Release */,
			);
			defaultConfigurationIsVisible = 0;
			defaultConfigurationName = Release;
		};
/* End XCConfigurationList section */
	};
	rootObject = 53C4531B1D5A17C800624221 /* Project object */;
}
